
Microsoft Visual Studio Solution File, Format Version 12.00
# Visual Studio Version 17
VisualStudioVersion = 17.13.35818.85 d17.13
MinimumVisualStudioVersion = 10.0.40219.1
Project("{FAE04EC0-301F-11D3-BF4B-00C04F79EFBC}") = "Api_SalesDatePrediction", "Api_SalesDatePrediction.csproj", "{23D243DB-8A6C-4E1A-A2D9-5202CB6BB86E}"
EndProject
Project("{FAE04EC0-301F-11D3-BF4B-00C04F79EFBC}") = "Api_SalesDatePrediction.Tests", "..\Api_SalesDatePrediction.Tests\Api_SalesDatePrediction.Tests.csproj", "{01A43881-AD3A-41BF-8D67-4CF616E40EA0}"
EndProject
Global
	GlobalSection(SolutionConfigurationPlatforms) = preSolution
		Debug|Any CPU = Debug|Any CPU
		Release|Any CPU = Release|Any CPU
	EndGlobalSection
	GlobalSection(ProjectConfigurationPlatforms) = postSolution
		{23D243DB-8A6C-4E1A-A2D9-5202CB6BB86E}.Debug|Any CPU.ActiveCfg = Debug|Any CPU
		{23D243DB-8A6C-4E1A-A2D9-5202CB6BB86E}.Debug|Any CPU.Build.0 = Debug|Any CPU
		{23D243DB-8A6C-4E1A-A2D9-5202CB6BB86E}.Release|Any CPU.ActiveCfg = Release|Any CPU
		{23D243DB-8A6C-4E1A-A2D9-5202CB6BB86E}.Release|Any CPU.Build.0 = Release|Any CPU
		{01A43881-AD3A-41BF-8D67-4CF616E40EA0}.Debug|Any CPU.ActiveCfg = Debug|Any CPU
		{01A43881-AD3A-41BF-8D67-4CF616E40EA0}.Debug|Any CPU.Build.0 = Debug|Any CPU
		{01A43881-AD3A-41BF-8D67-4CF616E40EA0}.Release|Any CPU.ActiveCfg = Release|Any CPU
		{01A43881-AD3A-41BF-8D67-4CF616E40EA0}.Release|Any CPU.Build.0 = Release|Any CPU
	EndGlobalSection
	GlobalSection(SolutionProperties) = preSolution
		HideSolutionNode = FALSE
	EndGlobalSection
	GlobalSection(ExtensibilityGlobals) = postSolution
		SolutionGuid = {DAC7C706-5AF5-4ECA-B2E6-9C39913E8EC2}
	EndGlobalSection
EndGlobal
